
Microsoft Visual Studio Solution File, Format Version 12.00
# Visual Studio 2012
Project("{FAE04EC0-301F-11D3-BF4B-00C04F79EFBC}") = "ParseClientTests", "ParseClientTests\ParseClientTests.csproj", "{5F3BCCBE-BF7D-45AE-B39F-30D8DCE7184E}"
EndProject
Project("{FAE04EC0-301F-11D3-BF4B-00C04F79EFBC}") = "ParseClient", "ParseClient\ParseClient.csproj", "{8022633F-0CD7-4559-8032-74D9BD21F51C}"
EndProject
Global
	GlobalSection(SolutionConfigurationPlatforms) = preSolution
		Debug|Any CPU = Debug|Any CPU
		Release|Any CPU = Release|Any CPU
	EndGlobalSection
	GlobalSection(ProjectConfigurationPlatforms) = postSolution
		{5F3BCCBE-BF7D-45AE-B39F-30D8DCE7184E}.Debug|Any CPU.ActiveCfg = Debug|Any CPU
		{5F3BCCBE-BF7D-45AE-B39F-30D8DCE7184E}.Debug|Any CPU.Build.0 = Debug|Any CPU
		{5F3BCCBE-BF7D-45AE-B39F-30D8DCE7184E}.Release|Any CPU.ActiveCfg = Release|Any CPU
		{5F3BCCBE-BF7D-45AE-B39F-30D8DCE7184E}.Release|Any CPU.Build.0 = Release|Any CPU
		{8022633F-0CD7-4559-8032-74D9BD21F51C}.Debug|Any CPU.ActiveCfg = Debug|Any CPU
		{8022633F-0CD7-4559-8032-74D9BD21F51C}.Debug|Any CPU.Build.0 = Debug|Any CPU
		{8022633F-0CD7-4559-8032-74D9BD21F51C}.Release|Any CPU.ActiveCfg = Release|Any CPU
		{8022633F-0CD7-4559-8032-74D9BD21F51C}.Release|Any CPU.Build.0 = Release|Any CPU
	EndGlobalSection
	GlobalSection(SolutionProperties) = preSolution
		HideSolutionNode = FALSE
	EndGlobalSection
EndGlobal
